
Microsoft Visual Studio Solution File, Format Version 12.00
# Visual Studio Express 14 for Web
VisualStudioVersion = 14.0.25420.1
MinimumVisualStudioVersion = 10.0.40219.1
Project("{FAE04EC0-301F-11D3-BF4B-00C04F79EFBC}") = "WebApp", "WebApp\WebApp.csproj", "{0C80BFBD-1C02-4F09-BD04-F1ADF27A663F}"
EndProject
Project("{FAE04EC0-301F-11D3-BF4B-00C04F79EFBC}") = "WebApp.Tests", "WebApp.Tests\WebApp.Tests.csproj", "{DAB676D5-4AB3-4188-A798-3349D7C99D09}"
EndProject
Global
	GlobalSection(SolutionConfigurationPlatforms) = preSolution
		Debug|Any CPU = Debug|Any CPU
		Release|Any CPU = Release|Any CPU
	EndGlobalSection
	GlobalSection(ProjectConfigurationPlatforms) = postSolution
		{0C80BFBD-1C02-4F09-BD04-F1ADF27A663F}.Debug|Any CPU.ActiveCfg = Debug|Any CPU
		{0C80BFBD-1C02-4F09-BD04-F1ADF27A663F}.Debug|Any CPU.Build.0 = Debug|Any CPU
		{0C80BFBD-1C02-4F09-BD04-F1ADF27A663F}.Release|Any CPU.ActiveCfg = Release|Any CPU
		{0C80BFBD-1C02-4F09-BD04-F1ADF27A663F}.Release|Any CPU.Build.0 = Release|Any CPU
		{DAB676D5-4AB3-4188-A798-3349D7C99D09}.Debug|Any CPU.ActiveCfg = Debug|Any CPU
		{DAB676D5-4AB3-4188-A798-3349D7C99D09}.Debug|Any CPU.Build.0 = Debug|Any CPU
		{DAB676D5-4AB3-4188-A798-3349D7C99D09}.Release|Any CPU.ActiveCfg = Release|Any CPU
		{DAB676D5-4AB3-4188-A798-3349D7C99D09}.Release|Any CPU.Build.0 = Release|Any CPU
	EndGlobalSection
	GlobalSection(SolutionProperties) = preSolution
		HideSolutionNode = FALSE
	EndGlobalSection
EndGlobal
